PODS:
  - CardIO (5.4.1)
  - Mixpanel (3.3.3)
  - SwiftKeychainWrapper (3.0.1)

DEPENDENCIES:
  - CardIO
  - Mixpanel
  - SwiftKeychainWrapper

SPEC REPOS:
  https://github.com/CocoaPods/Specs.git:
    - CardIO
    - Mixpanel
    - SwiftKeychainWrapper

SPEC CHECKSUMS:
  CardIO: 56983b39b62f495fc6dae9ad7cf875143df06443
  Mixpanel: 3c3925c27f7a321d5978319a72f53f8f0885afc5
  SwiftKeychainWrapper: 38952a3636320ae61bad3513cadd870929de7a4a

PODFILE CHECKSUM: 984d24e532d74b9dec1b91281225c20ff0de52df

COCOAPODS: 1.5.0
