PODS:
  - Mixpanel (3.2.9)
  - SwiftKeychainWrapper (3.0.1)

DEPENDENCIES:
  - Mixpanel
  - SwiftKeychainWrapper

SPEC REPOS:
  https://github.com/CocoaPods/Specs.git:
    - Mixpanel
    - SwiftKeychainWrapper

SPEC CHECKSUMS:
  Mixpanel: 85cd02171dc84a8b0295bbe3db65604e2934b920
  SwiftKeychainWrapper: 38952a3636320ae61bad3513cadd870929de7a4a

PODFILE CHECKSUM: 10828f2bc3516b62a08aecf6a47448c0c20d7b7b

COCOAPODS: 1.5.0
